
Microsoft Visual Studio Solution File, Format Version 12.00
# Visual Studio Version 16
VisualStudioVersion = 16.0.28917.182
MinimumVisualStudioVersion = 10.0.40219.1
Project("{9A19103F-16F7-4668-BE54-9A1E7A4F7556}") = "Day01", "Day01\Day01.csproj", "{85B07C17-67FF-4DBB-8AEE-9B2E0626771D}"
EndProject
Project("{9A19103F-16F7-4668-BE54-9A1E7A4F7556}") = "Day02", "Day02\Day02.csproj", "{4EAEE106-3D2A-49E3-8219-AA49EB573F4C}"
EndProject
Project("{9A19103F-16F7-4668-BE54-9A1E7A4F7556}") = "Day03", "Day03\Day03.csproj", "{5FEF58F1-E51F-4375-93D9-F3B22A057208}"
EndProject
Project("{9A19103F-16F7-4668-BE54-9A1E7A4F7556}") = "Day04", "Day04\Day04.csproj", "{E185A376-1B1C-4896-8378-AE92A2642D6E}"
EndProject
Project("{9A19103F-16F7-4668-BE54-9A1E7A4F7556}") = "Day05", "Day05\Day05.csproj", "{F4A2E3E0-C84A-490D-9B1E-D8F0310DA1A8}"
EndProject
Project("{9A19103F-16F7-4668-BE54-9A1E7A4F7556}") = "Day06", "Day06\Day06.csproj", "{FD705E5D-4470-495F-B1CC-05D490CAD99F}"
EndProject
Project("{9A19103F-16F7-4668-BE54-9A1E7A4F7556}") = "Day07", "Day07\Day07.csproj", "{3F477AE6-AF82-4585-948E-F0475F21CC10}"
EndProject
Project("{9A19103F-16F7-4668-BE54-9A1E7A4F7556}") = "Day08", "Day08\Day08.csproj", "{E421741B-285A-4335-9E47-3861D041743E}"
EndProject
Project("{9A19103F-16F7-4668-BE54-9A1E7A4F7556}") = "Day09", "Day09\Day09.csproj", "{DC444035-7FC1-44AE-ACAC-9FA78C7F117D}"
EndProject
Project("{9A19103F-16F7-4668-BE54-9A1E7A4F7556}") = "Day10", "Day10\Day10.csproj", "{AE66B696-0F0B-45B0-891E-CEE0CFC58688}"
EndProject
Project("{9A19103F-16F7-4668-BE54-9A1E7A4F7556}") = "Day11", "Day11\Day11.csproj", "{CA7A2F9E-C137-4EC9-9519-8276C5B9A0C1}"
EndProject
Project("{9A19103F-16F7-4668-BE54-9A1E7A4F7556}") = "Day12", "Day12\Day12.csproj", "{5A181E8E-A8FB-4815-B832-C1A5F89C1EE0}"
EndProject
Project("{9A19103F-16F7-4668-BE54-9A1E7A4F7556}") = "Day13", "Day13\Day13.csproj", "{3F73A74C-A06C-4DDA-9E5A-091DB4EFE1E1}"
EndProject
Project("{9A19103F-16F7-4668-BE54-9A1E7A4F7556}") = "Day14", "Day14\Day14.csproj", "{A3D37600-7416-4704-8C8A-B7576FA4EE6E}"
EndProject
Project("{FAE04EC0-301F-11D3-BF4B-00C04F79EFBC}") = "Day15", "Day15\Day15.csproj", "{870719F1-5E9D-4593-A3D7-DE17411509A7}"
EndProject
Global
	GlobalSection(SolutionConfigurationPlatforms) = preSolution
		Debug|Any CPU = Debug|Any CPU
		Release|Any CPU = Release|Any CPU
	EndGlobalSection
	GlobalSection(ProjectConfigurationPlatforms) = postSolution
		{85B07C17-67FF-4DBB-8AEE-9B2E0626771D}.Debug|Any CPU.ActiveCfg = Debug|Any CPU
		{85B07C17-67FF-4DBB-8AEE-9B2E0626771D}.Debug|Any CPU.Build.0 = Debug|Any CPU
		{85B07C17-67FF-4DBB-8AEE-9B2E0626771D}.Release|Any CPU.ActiveCfg = Release|Any CPU
		{85B07C17-67FF-4DBB-8AEE-9B2E0626771D}.Release|Any CPU.Build.0 = Release|Any CPU
		{4EAEE106-3D2A-49E3-8219-AA49EB573F4C}.Debug|Any CPU.ActiveCfg = Debug|Any CPU
		{4EAEE106-3D2A-49E3-8219-AA49EB573F4C}.Debug|Any CPU.Build.0 = Debug|Any CPU
		{4EAEE106-3D2A-49E3-8219-AA49EB573F4C}.Release|Any CPU.ActiveCfg = Release|Any CPU
		{4EAEE106-3D2A-49E3-8219-AA49EB573F4C}.Release|Any CPU.Build.0 = Release|Any CPU
		{5FEF58F1-E51F-4375-93D9-F3B22A057208}.Debug|Any CPU.ActiveCfg = Debug|Any CPU
		{5FEF58F1-E51F-4375-93D9-F3B22A057208}.Debug|Any CPU.Build.0 = Debug|Any CPU
		{5FEF58F1-E51F-4375-93D9-F3B22A057208}.Release|Any CPU.ActiveCfg = Release|Any CPU
		{5FEF58F1-E51F-4375-93D9-F3B22A057208}.Release|Any CPU.Build.0 = Release|Any CPU
		{E185A376-1B1C-4896-8378-AE92A2642D6E}.Debug|Any CPU.ActiveCfg = Debug|Any CPU
		{E185A376-1B1C-4896-8378-AE92A2642D6E}.Debug|Any CPU.Build.0 = Debug|Any CPU
		{E185A376-1B1C-4896-8378-AE92A2642D6E}.Release|Any CPU.ActiveCfg = Release|Any CPU
		{E185A376-1B1C-4896-8378-AE92A2642D6E}.Release|Any CPU.Build.0 = Release|Any CPU
		{F4A2E3E0-C84A-490D-9B1E-D8F0310DA1A8}.Debug|Any CPU.ActiveCfg = Debug|Any CPU
		{F4A2E3E0-C84A-490D-9B1E-D8F0310DA1A8}.Debug|Any CPU.Build.0 = Debug|Any CPU
		{F4A2E3E0-C84A-490D-9B1E-D8F0310DA1A8}.Release|Any CPU.ActiveCfg = Release|Any CPU
		{F4A2E3E0-C84A-490D-9B1E-D8F0310DA1A8}.Release|Any CPU.Build.0 = Release|Any CPU
		{FD705E5D-4470-495F-B1CC-05D490CAD99F}.Debug|Any CPU.ActiveCfg = Debug|Any CPU
		{FD705E5D-4470-495F-B1CC-05D490CAD99F}.Debug|Any CPU.Build.0 = Debug|Any CPU
		{FD705E5D-4470-495F-B1CC-05D490CAD99F}.Release|Any CPU.ActiveCfg = Release|Any CPU
		{FD705E5D-4470-495F-B1CC-05D490CAD99F}.Release|Any CPU.Build.0 = Release|Any CPU
		{3F477AE6-AF82-4585-948E-F0475F21CC10}.Debug|Any CPU.ActiveCfg = Debug|Any CPU
		{3F477AE6-AF82-4585-948E-F0475F21CC10}.Debug|Any CPU.Build.0 = Debug|Any CPU
		{3F477AE6-AF82-4585-948E-F0475F21CC10}.Release|Any CPU.ActiveCfg = Release|Any CPU
		{3F477AE6-AF82-4585-948E-F0475F21CC10}.Release|Any CPU.Build.0 = Release|Any CPU
		{E421741B-285A-4335-9E47-3861D041743E}.Debug|Any CPU.ActiveCfg = Debug|Any CPU
		{E421741B-285A-4335-9E47-3861D041743E}.Debug|Any CPU.Build.0 = Debug|Any CPU
		{E421741B-285A-4335-9E47-3861D041743E}.Release|Any CPU.ActiveCfg = Release|Any CPU
		{E421741B-285A-4335-9E47-3861D041743E}.Release|Any CPU.Build.0 = Release|Any CPU
		{DC444035-7FC1-44AE-ACAC-9FA78C7F117D}.Debug|Any CPU.ActiveCfg = Debug|Any CPU
		{DC444035-7FC1-44AE-ACAC-9FA78C7F117D}.Debug|Any CPU.Build.0 = Debug|Any CPU
		{DC444035-7FC1-44AE-ACAC-9FA78C7F117D}.Release|Any CPU.ActiveCfg = Release|Any CPU
		{DC444035-7FC1-44AE-ACAC-9FA78C7F117D}.Release|Any CPU.Build.0 = Release|Any CPU
		{AE66B696-0F0B-45B0-891E-CEE0CFC58688}.Debug|Any CPU.ActiveCfg = Debug|Any CPU
		{AE66B696-0F0B-45B0-891E-CEE0CFC58688}.Debug|Any CPU.Build.0 = Debug|Any CPU
		{AE66B696-0F0B-45B0-891E-CEE0CFC58688}.Release|Any CPU.ActiveCfg = Release|Any CPU
		{AE66B696-0F0B-45B0-891E-CEE0CFC58688}.Release|Any CPU.Build.0 = Release|Any CPU
		{CA7A2F9E-C137-4EC9-9519-8276C5B9A0C1}.Debug|Any CPU.ActiveCfg = Debug|Any CPU
		{CA7A2F9E-C137-4EC9-9519-8276C5B9A0C1}.Debug|Any CPU.Build.0 = Debug|Any CPU
		{CA7A2F9E-C137-4EC9-9519-8276C5B9A0C1}.Release|Any CPU.ActiveCfg = Release|Any CPU
		{CA7A2F9E-C137-4EC9-9519-8276C5B9A0C1}.Release|Any CPU.Build.0 = Release|Any CPU
		{5A181E8E-A8FB-4815-B832-C1A5F89C1EE0}.Debug|Any CPU.ActiveCfg = Debug|Any CPU
		{5A181E8E-A8FB-4815-B832-C1A5F89C1EE0}.Debug|Any CPU.Build.0 = Debug|Any CPU
		{5A181E8E-A8FB-4815-B832-C1A5F89C1EE0}.Release|Any CPU.ActiveCfg = Release|Any CPU
		{5A181E8E-A8FB-4815-B832-C1A5F89C1EE0}.Release|Any CPU.Build.0 = Release|Any CPU
		{3F73A74C-A06C-4DDA-9E5A-091DB4EFE1E1}.Debug|Any CPU.ActiveCfg = Debug|Any CPU
		{3F73A74C-A06C-4DDA-9E5A-091DB4EFE1E1}.Debug|Any CPU.Build.0 = Debug|Any CPU
		{3F73A74C-A06C-4DDA-9E5A-091DB4EFE1E1}.Release|Any CPU.ActiveCfg = Release|Any CPU
		{3F73A74C-A06C-4DDA-9E5A-091DB4EFE1E1}.Release|Any CPU.Build.0 = Release|Any CPU
		{A3D37600-7416-4704-8C8A-B7576FA4EE6E}.Debug|Any CPU.ActiveCfg = Debug|Any CPU
		{A3D37600-7416-4704-8C8A-B7576FA4EE6E}.Debug|Any CPU.Build.0 = Debug|Any CPU
		{A3D37600-7416-4704-8C8A-B7576FA4EE6E}.Release|Any CPU.ActiveCfg = Release|Any CPU
		{A3D37600-7416-4704-8C8A-B7576FA4EE6E}.Release|Any CPU.Build.0 = Release|Any CPU
		{870719F1-5E9D-4593-A3D7-DE17411509A7}.Debug|Any CPU.ActiveCfg = Debug|Any CPU
		{870719F1-5E9D-4593-A3D7-DE17411509A7}.Debug|Any CPU.Build.0 = Debug|Any CPU
		{870719F1-5E9D-4593-A3D7-DE17411509A7}.Release|Any CPU.ActiveCfg = Release|Any CPU
		{870719F1-5E9D-4593-A3D7-DE17411509A7}.Release|Any CPU.Build.0 = Release|Any CPU
	EndGlobalSection
	GlobalSection(SolutionProperties) = preSolution
		HideSolutionNode = FALSE
	EndGlobalSection
	GlobalSection(ExtensibilityGlobals) = postSolution
		SolutionGuid = {753D3446-03F3-49A3-AA75-839E6003A964}
	EndGlobalSection
EndGlobal
